
Microsoft Visual Studio Solution File, Format Version 12.00
# Visual Studio Version 17
VisualStudioVersion = 17.3.32922.545
MinimumVisualStudioVersion = 10.0.40219.1
Project("{888888A0-9F3D-457C-B088-3A5042F75D52}") = "YouLose", "YouLose\YouLose.pyproj", "{166A4CA3-3C72-4AB9-B8D0-E13DDA132DB5}"
EndProject
Global
	GlobalSection(SolutionConfigurationPlatforms) = preSolution
		Debug|Any CPU = Debug|Any CPU
		Release|Any CPU = Release|Any CPU
	EndGlobalSection
	GlobalSection(ProjectConfigurationPlatforms) = postSolution
		{166A4CA3-3C72-4AB9-B8D0-E13DDA132DB5}.Debug|Any CPU.ActiveCfg = Debug|Any CPU
		{166A4CA3-3C72-4AB9-B8D0-E13DDA132DB5}.Debug|Any CPU.Build.0 = Debug|Any CPU
		{166A4CA3-3C72-4AB9-B8D0-E13DDA132DB5}.Release|Any CPU.ActiveCfg = Release|Any CPU
		{166A4CA3-3C72-4AB9-B8D0-E13DDA132DB5}.Release|Any CPU.Build.0 = Release|Any CPU
	EndGlobalSection
	GlobalSection(SolutionProperties) = preSolution
		HideSolutionNode = FALSE
	EndGlobalSection
	GlobalSection(ExtensibilityGlobals) = postSolution
		SolutionGuid = {DFC8D3B4-5291-42AE-8F1B-2FCF017A9796}
	EndGlobalSection
EndGlobal
